
Microsoft Visual Studio Solution File, Format Version 12.00
# Visual Studio Version 17
VisualStudioVersion = 17.8.34931.61
MinimumVisualStudioVersion = 10.0.40219.1
Project("{9A19103F-16F7-4668-BE54-9A1E7A4F7556}") = "API", "API\API.csproj", "{9F8FECA2-44CF-4EC7-87E3-4DB051DA525E}"
EndProject
Project("{9A19103F-16F7-4668-BE54-9A1E7A4F7556}") = "Core", "Core\Core.csproj", "{E0F4078B-C02C-4F09-8598-2B26511A71BB}"
EndProject
Project("{9A19103F-16F7-4668-BE54-9A1E7A4F7556}") = "Infrastructure", "Infrastructure\Infrastructure.csproj", "{B7FD9ACA-E603-490A-A4DE-BEA07C1B1F22}"
EndProject
Global
	GlobalSection(SolutionConfigurationPlatforms) = preSolution
		Debug|Any CPU = Debug|Any CPU
		Release|Any CPU = Release|Any CPU
	EndGlobalSection
	GlobalSection(ProjectConfigurationPlatforms) = postSolution
		{9F8FECA2-44CF-4EC7-87E3-4DB051DA525E}.Debug|Any CPU.ActiveCfg = Debug|Any CPU
		{9F8FECA2-44CF-4EC7-87E3-4DB051DA525E}.Debug|Any CPU.Build.0 = Debug|Any CPU
		{9F8FECA2-44CF-4EC7-87E3-4DB051DA525E}.Release|Any CPU.ActiveCfg = Release|Any CPU
		{9F8FECA2-44CF-4EC7-87E3-4DB051DA525E}.Release|Any CPU.Build.0 = Release|Any CPU
		{E0F4078B-C02C-4F09-8598-2B26511A71BB}.Debug|Any CPU.ActiveCfg = Debug|Any CPU
		{E0F4078B-C02C-4F09-8598-2B26511A71BB}.Debug|Any CPU.Build.0 = Debug|Any CPU
		{E0F4078B-C02C-4F09-8598-2B26511A71BB}.Release|Any CPU.ActiveCfg = Release|Any CPU
		{E0F4078B-C02C-4F09-8598-2B26511A71BB}.Release|Any CPU.Build.0 = Release|Any CPU
		{B7FD9ACA-E603-490A-A4DE-BEA07C1B1F22}.Debug|Any CPU.ActiveCfg = Debug|Any CPU
		{B7FD9ACA-E603-490A-A4DE-BEA07C1B1F22}.Debug|Any CPU.Build.0 = Debug|Any CPU
		{B7FD9ACA-E603-490A-A4DE-BEA07C1B1F22}.Release|Any CPU.ActiveCfg = Release|Any CPU
		{B7FD9ACA-E603-490A-A4DE-BEA07C1B1F22}.Release|Any CPU.Build.0 = Release|Any CPU
	EndGlobalSection
	GlobalSection(SolutionProperties) = preSolution
		HideSolutionNode = FALSE
	EndGlobalSection
	GlobalSection(ExtensibilityGlobals) = postSolution
		SolutionGuid = {1B0EB40F-1CCA-46AB-9513-F58F059B5C7A}
	EndGlobalSection
EndGlobal
